
Microsoft Visual Studio Solution File, Format Version 12.00
# Visual Studio 15
VisualStudioVersion = 15.0.27703.2042
MinimumVisualStudioVersion = 10.0.40219.1
Project("{FAE04EC0-301F-11D3-BF4B-00C04F79EFBC}") = "DressDetails", "DressDetails.csproj", "{118E483D-DEDB-41B8-B525-77400AEEE599}"
EndProject
Project("{54435603-DBB4-11D2-8724-00A0C9A8B90C}") = "ABCDress", "..\ABCDress\ABCDress.vdproj", "{A62D9057-1F10-4BF6-B7C6-3992C76955C6}"
EndProject
Global
	GlobalSection(SolutionConfigurationPlatforms) = preSolution
		Debug|Any CPU = Debug|Any CPU
		Release|Any CPU = Release|Any CPU
	EndGlobalSection
	GlobalSection(ProjectConfigurationPlatforms) = postSolution
		{118E483D-DEDB-41B8-B525-77400AEEE599}.Debug|Any CPU.ActiveCfg = Debug|Any CPU
		{118E483D-DEDB-41B8-B525-77400AEEE599}.Debug|Any CPU.Build.0 = Debug|Any CPU
		{118E483D-DEDB-41B8-B525-77400AEEE599}.Release|Any CPU.ActiveCfg = Release|Any CPU
		{118E483D-DEDB-41B8-B525-77400AEEE599}.Release|Any CPU.Build.0 = Release|Any CPU
		{A62D9057-1F10-4BF6-B7C6-3992C76955C6}.Debug|Any CPU.ActiveCfg = Debug
		{A62D9057-1F10-4BF6-B7C6-3992C76955C6}.Release|Any CPU.ActiveCfg = Release
	EndGlobalSection
	GlobalSection(SolutionProperties) = preSolution
		HideSolutionNode = FALSE
	EndGlobalSection
	GlobalSection(ExtensibilityGlobals) = postSolution
		SolutionGuid = {713445FA-3E7D-41C5-9E6A-0F463C308864}
	EndGlobalSection
EndGlobal
